
Microsoft Visual Studio Solution File, Format Version 12.00
# Visual Studio Version 16
VisualStudioVersion = 16.0.31515.178
MinimumVisualStudioVersion = 10.0.40219.1
Project("{FAE04EC0-301F-11D3-BF4B-00C04F79EFBC}") = "МС", "МС\МС.csproj", "{67D30901-A9CD-4CC9-B820-5D1B9A7AE4F3}"
EndProject
Global
	GlobalSection(SolutionConfigurationPlatforms) = preSolution
		Debug|Any CPU = Debug|Any CPU
		Release|Any CPU = Release|Any CPU
	EndGlobalSection
	GlobalSection(ProjectConfigurationPlatforms) = postSolution
		{67D30901-A9CD-4CC9-B820-5D1B9A7AE4F3}.Debug|Any CPU.ActiveCfg = Debug|Any CPU
		{67D30901-A9CD-4CC9-B820-5D1B9A7AE4F3}.Debug|Any CPU.Build.0 = Debug|Any CPU
		{67D30901-A9CD-4CC9-B820-5D1B9A7AE4F3}.Release|Any CPU.ActiveCfg = Release|Any CPU
		{67D30901-A9CD-4CC9-B820-5D1B9A7AE4F3}.Release|Any CPU.Build.0 = Release|Any CPU
	EndGlobalSection
	GlobalSection(SolutionProperties) = preSolution
		HideSolutionNode = FALSE
	EndGlobalSection
	GlobalSection(ExtensibilityGlobals) = postSolution
		SolutionGuid = {98E60872-6304-40C2-8735-2D0FB73EF605}
	EndGlobalSection
EndGlobal
